Microsoft Visual Studio Solution File, Format Version 11.00
# Visual Studio 2008

Project("{3D57C09A-5904-16A7-0B8B-F80753FB5094}") = "TanksMP_Project", "Assembly-CSharp-firstpass.csproj", "{BA6E9BF6-D18A-170C-EC8A-A9A524F04812}"
EndProject
Project("{3D57C09A-5904-16A7-0B8B-F80753FB5094}") = "TanksMP_Project", "Assembly-CSharp.csproj", "{137A0E77-35EC-AC86-1EAA-EBF8844ADF61}"
EndProject
Project("{3D57C09A-5904-16A7-0B8B-F80753FB5094}") = "TanksMP_Project", "Assembly-CSharp-Editor.csproj", "{58D271FD-2543-6351-B51B-0673D6188AA4}"
EndProject
Global
	GlobalSection(SolutionConfigurationPlatforms) = preSolution
		Debug|Any CPU = Debug|Any CPU
		Release|Any CPU = Release|Any CPU
	EndGlobalSection
	GlobalSection(ProjectConfigurationPlatforms) = postSolution
		{BA6E9BF6-D18A-170C-EC8A-A9A524F04812}.Debug|Any CPU.ActiveCfg = Debug|Any CPU
		{BA6E9BF6-D18A-170C-EC8A-A9A524F04812}.Debug|Any CPU.Build.0 = Debug|Any CPU
		{BA6E9BF6-D18A-170C-EC8A-A9A524F04812}.Release|Any CPU.ActiveCfg = Release|Any CPU
		{BA6E9BF6-D18A-170C-EC8A-A9A524F04812}.Release|Any CPU.Build.0 = Release|Any CPU
		{137A0E77-35EC-AC86-1EAA-EBF8844ADF61}.Debug|Any CPU.ActiveCfg = Debug|Any CPU
		{137A0E77-35EC-AC86-1EAA-EBF8844ADF61}.Debug|Any CPU.Build.0 = Debug|Any CPU
		{137A0E77-35EC-AC86-1EAA-EBF8844ADF61}.Release|Any CPU.ActiveCfg = Release|Any CPU
		{137A0E77-35EC-AC86-1EAA-EBF8844ADF61}.Release|Any CPU.Build.0 = Release|Any CPU
		{58D271FD-2543-6351-B51B-0673D6188AA4}.Debug|Any CPU.ActiveCfg = Debug|Any CPU
		{58D271FD-2543-6351-B51B-0673D6188AA4}.Debug|Any CPU.Build.0 = Debug|Any CPU
		{58D271FD-2543-6351-B51B-0673D6188AA4}.Release|Any CPU.ActiveCfg = Release|Any CPU
		{58D271FD-2543-6351-B51B-0673D6188AA4}.Release|Any CPU.Build.0 = Release|Any CPU
	EndGlobalSection
	GlobalSection(SolutionProperties) = preSolution
		HideSolutionNode = FALSE
	EndGlobalSection
	GlobalSection(MonoDevelopProperties) = preSolution
		StartupItem = Assembly-CSharp.csproj
	EndGlobalSection
EndGlobal
